{
  "name": "pushti-panchang-tools",
  "version": "1.0.0",
  "lockfileVersion": 3,
  "requires": true,
  "packages": {
    "": {
      "name": "pushti-panchang-tools",
      "version": "1.0.0",
      "dependencies": {
        "mhah-panchang": "^1.0.7",
        "suncalc": "^1.9.0"
      }
    },
    "node_modules/mhah-panchang": {
      "version": "1.2.0",
      "resolved": "https://registry.npmjs.org/mhah-panchang/-/mhah-panchang-1.2.0.tgz",
      "integrity": "sha512-Z9oxFmeZXb+OE8NsE3PDHdXZlEA2fJeMQXZBk9bt1cY+2crR+12hKPo/wF48Gj2usCdEEv4kq9WYu93ZFSa81w==",
      "license": "MPL-2.0",
      "engines": {
        "node": ">=10"
      }
    },
    "node_modules/suncalc": {
      "version": "1.9.0",
      "resolved": "https://registry.npmjs.org/suncalc/-/suncalc-1.9.0.tgz",
      "integrity": "sha512-vMJ8Byp1uIPoj+wb9c1AdK4jpkSKVAywgHX0lqY7zt6+EWRRC3Z+0Ucfjy/0yxTVO1hwwchZe4uoFNqrIC24+A=="
    }
  }
}
